
Microsoft Visual Studio Solution File, Format Version 12.00
# Visual Studio Version 17
VisualStudioVersion = 17.10.35027.167
MinimumVisualStudioVersion = 10.0.40219.1
Project("{FAE04EC0-301F-11D3-BF4B-00C04F79EFBC}") = "SalesForecastingApp", "SalesForecastingApp.csproj", "{58438201-EA0E-4493-9CB7-ECEF50CEAF27}"
EndProject
Global
	GlobalSection(SolutionConfigurationPlatforms) = preSolution
		Debug|Any CPU = Debug|Any CPU
		Release|Any CPU = Release|Any CPU
	EndGlobalSection
	GlobalSection(ProjectConfigurationPlatforms) = postSolution
		{58438201-EA0E-4493-9CB7-ECEF50CEAF27}.Debug|Any CPU.ActiveCfg = Debug|Any CPU
		{58438201-EA0E-4493-9CB7-ECEF50CEAF27}.Debug|Any CPU.Build.0 = Debug|Any CPU
		{58438201-EA0E-4493-9CB7-ECEF50CEAF27}.Release|Any CPU.ActiveCfg = Release|Any CPU
		{58438201-EA0E-4493-9CB7-ECEF50CEAF27}.Release|Any CPU.Build.0 = Release|Any CPU
	EndGlobalSection
	GlobalSection(SolutionProperties) = preSolution
		HideSolutionNode = FALSE
	EndGlobalSection
	GlobalSection(ExtensibilityGlobals) = postSolution
		SolutionGuid = {FE1D292D-5564-400A-98ED-F65B1FB2F51A}
	EndGlobalSection
EndGlobal
